
Microsoft Visual Studio Solution File, Format Version 12.00
# Visual Studio Version 17
VisualStudioVersion = 17.7.34031.279
MinimumVisualStudioVersion = 10.0.40219.1
Project("{9A19103F-16F7-4668-BE54-9A1E7A4F7556}") = "DebtBot", "DebtBot\DebtBot.csproj", "{30879CFE-6A6D-4D53-8C50-2D29C54AFC87}"
EndProject
Project("{E53339B2-1760-4266-BCC7-CA923CBCF16C}") = "docker-compose", "docker-compose.dcproj", "{97D2ADAB-B650-4A2F-9DDF-91B4189CF443}"
EndProject
Project("{9A19103F-16F7-4668-BE54-9A1E7A4F7556}") = "DebtBot.DB", "DebtBot.DB\DebtBot.DB.csproj", "{D8232B76-E2EF-4512-92FE-CDD80C3A5210}"
EndProject
Project("{9A19103F-16F7-4668-BE54-9A1E7A4F7556}") = "DebtBot.Models", "DebtBot.Models\DebtBot.Models.csproj", "{265AEEA1-399E-4FDE-AFC4-D0F7EE01242B}"
EndProject
Project("{FAE04EC0-301F-11D3-BF4B-00C04F79EFBC}") = "DebtBot.Models.Enums", "DebtBot.Models.Enums\DebtBot.Models.Enums.csproj", "{7E8C71B6-FE79-4909-A92A-98F8C8C13AD2}"
EndProject
Global
	GlobalSection(SolutionConfigurationPlatforms) = preSolution
		Debug|Any CPU = Debug|Any CPU
		Release|Any CPU = Release|Any CPU
	EndGlobalSection
	GlobalSection(ProjectConfigurationPlatforms) = postSolution
		{30879CFE-6A6D-4D53-8C50-2D29C54AFC87}.Debug|Any CPU.ActiveCfg = Debug|Any CPU
		{30879CFE-6A6D-4D53-8C50-2D29C54AFC87}.Debug|Any CPU.Build.0 = Debug|Any CPU
		{30879CFE-6A6D-4D53-8C50-2D29C54AFC87}.Release|Any CPU.ActiveCfg = Release|Any CPU
		{30879CFE-6A6D-4D53-8C50-2D29C54AFC87}.Release|Any CPU.Build.0 = Release|Any CPU
		{97D2ADAB-B650-4A2F-9DDF-91B4189CF443}.Debug|Any CPU.ActiveCfg = Debug|Any CPU
		{97D2ADAB-B650-4A2F-9DDF-91B4189CF443}.Debug|Any CPU.Build.0 = Debug|Any CPU
		{97D2ADAB-B650-4A2F-9DDF-91B4189CF443}.Release|Any CPU.ActiveCfg = Release|Any CPU
		{97D2ADAB-B650-4A2F-9DDF-91B4189CF443}.Release|Any CPU.Build.0 = Release|Any CPU
		{D8232B76-E2EF-4512-92FE-CDD80C3A5210}.Debug|Any CPU.ActiveCfg = Debug|Any CPU
		{D8232B76-E2EF-4512-92FE-CDD80C3A5210}.Debug|Any CPU.Build.0 = Debug|Any CPU
		{D8232B76-E2EF-4512-92FE-CDD80C3A5210}.Release|Any CPU.ActiveCfg = Release|Any CPU
		{D8232B76-E2EF-4512-92FE-CDD80C3A5210}.Release|Any CPU.Build.0 = Release|Any CPU
		{265AEEA1-399E-4FDE-AFC4-D0F7EE01242B}.Debug|Any CPU.ActiveCfg = Debug|Any CPU
		{265AEEA1-399E-4FDE-AFC4-D0F7EE01242B}.Debug|Any CPU.Build.0 = Debug|Any CPU
		{265AEEA1-399E-4FDE-AFC4-D0F7EE01242B}.Release|Any CPU.ActiveCfg = Release|Any CPU
		{265AEEA1-399E-4FDE-AFC4-D0F7EE01242B}.Release|Any CPU.Build.0 = Release|Any CPU
		{7E8C71B6-FE79-4909-A92A-98F8C8C13AD2}.Debug|Any CPU.ActiveCfg = Debug|Any CPU
		{7E8C71B6-FE79-4909-A92A-98F8C8C13AD2}.Debug|Any CPU.Build.0 = Debug|Any CPU
		{7E8C71B6-FE79-4909-A92A-98F8C8C13AD2}.Release|Any CPU.ActiveCfg = Release|Any CPU
		{7E8C71B6-FE79-4909-A92A-98F8C8C13AD2}.Release|Any CPU.Build.0 = Release|Any CPU
	EndGlobalSection
	GlobalSection(SolutionProperties) = preSolution
		HideSolutionNode = FALSE
	EndGlobalSection
	GlobalSection(ExtensibilityGlobals) = postSolution
		SolutionGuid = {581ABE64-5A49-4878-B91C-F86E46F0A695}
	EndGlobalSection
EndGlobal
